
Microsoft Visual Studio Solution File, Format Version 12.00
# Visual Studio 15
VisualStudioVersion = 15.0.27428.2015
MinimumVisualStudioVersion = 10.0.40219.1
Project("{FAE04EC0-301F-11D3-BF4B-00C04F79EFBC}") = "RoadLinkInserter", "XMLFileReader\RoadLinkInserter.csproj", "{9C9781AA-70B0-4268-B48E-5635ECE938F0}"
EndProject
Global
	GlobalSection(SolutionConfigurationPlatforms) = preSolution
		Debug|x86 = Debug|x86
		Release|x86 = Release|x86
	EndGlobalSection
	GlobalSection(ProjectConfigurationPlatforms) = postSolution
		{9C9781AA-70B0-4268-B48E-5635ECE938F0}.Debug|x86.ActiveCfg = Debug|x86
		{9C9781AA-70B0-4268-B48E-5635ECE938F0}.Debug|x86.Build.0 = Debug|x86
		{9C9781AA-70B0-4268-B48E-5635ECE938F0}.Release|x86.ActiveCfg = Release|x86
		{9C9781AA-70B0-4268-B48E-5635ECE938F0}.Release|x86.Build.0 = Release|x86
	EndGlobalSection
	GlobalSection(SolutionProperties) = preSolution
		HideSolutionNode = FALSE
	EndGlobalSection
	GlobalSection(ExtensibilityGlobals) = postSolution
		SolutionGuid = {992464B5-F97C-4636-8C24-59D2BC945351}
	EndGlobalSection
EndGlobal
